// !$*UTF8*$!
{
	archiveVersion = 1;
	classes = {
	};
	objectVersion = 46;
	objects = {

/* Begin PBXBuildFile section */
		72812CAAF926CA16DC52E875 /* Pods.framework in Frameworks */ = {isa = PBXBuildFile; fileRef = BA1FAAF0BB76595E62C85DEA /* Pods.framework */; };
		A813CEF81BE0E45A00CF5C04 /* UIColor+Hex.m in Sources */ = {isa = PBXBuildFile; fileRef = A813CEF71BE0E45A00CF5C04 /* UIColor+Hex.m */; };
		A819D7DF1BD5D560000B152F /* UIColor+Util.m in Sources */ = {isa = PBXBuildFile; fileRef = A819D7DE1BD5D560000B152F /* UIColor+Util.m */; };
		A819D7E41BD6192E000B152F /* ImagePlayerView.m in Sources */ = {isa = PBXBuildFile; fileRef = A819D7E31BD6192E000B152F /* ImagePlayerView.m */; };
		A84BDE5C1BD4E77F0056AE0E /* MDYDownloadViewController.m in Sources */ = {isa = PBXBuildFile; fileRef = A84BDE5B1BD4E77F0056AE0E /* MDYDownloadViewController.m */; };
		A84BDE601BD4EB4F0056AE0E /* tabbar-news-selected@2x.png in Resources */ = {isa = PBXBuildFile; fileRef = A84BDE5E1BD4EB4F0056AE0E /* tabbar-news-selected@2x.png */; };
		A84BDE611BD4EB4F0056AE0E /* tabbar-news-selected@3x.png in Resources */ = {isa = PBXBuildFile; fileRef = A84BDE5F1BD4EB4F0056AE0E /* tabbar-news-selected@3x.png */; };
		A84BDE641BD4EB600056AE0E /* tabbar-me-selected@2x.png in Resources */ = {isa = PBXBuildFile; fileRef = A84BDE621BD4EB600056AE0E /* tabbar-me-selected@2x.png */; };
		A84BDE651BD4EB600056AE0E /* tabbar-me-selected@3x.png in Resources */ = {isa = PBXBuildFile; fileRef = A84BDE631BD4EB600056AE0E /* tabbar-me-selected@3x.png */; };
		A84BDE681BD4EB680056AE0E /* tabbar-discover-selected@2x.png in Resources */ = {isa = PBXBuildFile; fileRef = A84BDE661BD4EB680056AE0E /* tabbar-discover-selected@2x.png */; };
		A84BDE691BD4EB680056AE0E /* tabbar-discover-selected@3x.png in Resources */ = {isa = PBXBuildFile; fileRef = A84BDE671BD4EB680056AE0E /* tabbar-discover-selected@3x.png */; };
		A84BDE6C1BD4F4E20056AE0E /* discover-search@2x.png in Resources */ = {isa = PBXBuildFile; fileRef = A84BDE6A1BD4F4E20056AE0E /* discover-search@2x.png */; };
		A84BDE6D1BD4F4E20056AE0E /* discover-search@3x.png in Resources */ = {isa = PBXBuildFile; fileRef = A84BDE6B1BD4F4E20056AE0E /* discover-search@3x.png */; };
		A84BDE701BD4F6DB0056AE0E /* navigationbar-search@2x.png in Resources */ = {isa = PBXBuildFile; fileRef = A84BDE6E1BD4F6DB0056AE0E /* navigationbar-search@2x.png */; };
		A84BDE711BD4F6DB0056AE0E /* navigationbar-search@3x.png in Resources */ = {isa = PBXBuildFile; fileRef = A84BDE6F1BD4F6DB0056AE0E /* navigationbar-search@3x.png */; };
		A84BDE741BD4F6E40056AE0E /* navigationbar-sidebar@2x.png in Resources */ = {isa = PBXBuildFile; fileRef = A84BDE721BD4F6E40056AE0E /* navigationbar-sidebar@2x.png */; };
		A84BDE751BD4F6E40056AE0E /* navigationbar-sidebar@3x.png in Resources */ = {isa = PBXBuildFile; fileRef = A84BDE731BD4F6E40056AE0E /* navigationbar-sidebar@3x.png */; };
		A84BDE7A1BD5100A0056AE0E /* tabbar-discover@2x.png in Resources */ = {isa = PBXBuildFile; fileRef = A84BDE761BD5100A0056AE0E /* tabbar-discover@2x.png */; };
		A84BDE7B1BD5100A0056AE0E /* tabbar-discover@3x.png in Resources */ = {isa = PBXBuildFile; fileRef = A84BDE771BD5100A0056AE0E /* tabbar-discover@3x.png */; };
		A84BDE7C1BD5100A0056AE0E /* tabbar-me@2x.png in Resources */ = {isa = PBXBuildFile; fileRef = A84BDE781BD5100A0056AE0E /* tabbar-me@2x.png */; };
		A84BDE7D1BD5100A0056AE0E /* tabbar-me@3x.png in Resources */ = {isa = PBXBuildFile; fileRef = A84BDE791BD5100A0056AE0E /* tabbar-me@3x.png */; };
		A84BDE801BD5101C0056AE0E /* tabbar-news@2x.png in Resources */ = {isa = PBXBuildFile; fileRef = A84BDE7E1BD5101C0056AE0E /* tabbar-news@2x.png */; };
		A84BDE811BD5101C0056AE0E /* tabbar-news@3x.png in Resources */ = {isa = PBXBuildFile; fileRef = A84BDE7F1BD5101C0056AE0E /* tabbar-news@3x.png */; };
		A868D0561BD486FB008E5832 /* MDYHomeViewController.m in Sources */ = {isa = PBXBuildFile; fileRef = A868D0551BD486FB008E5832 /* MDYHomeViewController.m */; };
		A868D05A1BD48A35008E5832 /* MDYPersonViewController.m in Sources */ = {isa = PBXBuildFile; fileRef = A868D0591BD48A35008E5832 /* MDYPersonViewController.m */; };
		A868D05D1BD48AED008E5832 /* MDYSideMenuTableViewController.m in Sources */ = {isa = PBXBuildFile; fileRef = A868D05C1BD48AED008E5832 /* MDYSideMenuTableViewController.m */; };
		A868D05F1BD4A580008E5832 /* HomeStoryboard.storyboard in Resources */ = {isa = PBXBuildFile; fileRef = A868D05E1BD4A580008E5832 /* HomeStoryboard.storyboard */; };
		A870B14D1BD0AC7F00E36F39 /* MDYCommonUtils.m in Sources */ = {isa = PBXBuildFile; fileRef = A870B14C1BD0AC7F00E36F39 /* MDYCommonUtils.m */; };
		A870B1951BD0D61F00E36F39 /* MDYHttpTool.m in Sources */ = {isa = PBXBuildFile; fileRef = A870B1941BD0D61F00E36F39 /* MDYHttpTool.m */; };
		A879A0001BB954DC00C8EF80 /* main.m in Sources */ = {isa = PBXBuildFile; fileRef = A8799FFF1BB954DC00C8EF80 /* main.m */; };
		A879A0031BB954DC00C8EF80 /* AppDelegate.m in Sources */ = {isa = PBXBuildFile; fileRef = A879A0021BB954DC00C8EF80 /* AppDelegate.m */; };
		A879A0061BB954DC00C8EF80 /* ViewController.m in Sources */ = {isa = PBXBuildFile; fileRef = A879A0051BB954DC00C8EF80 /* ViewController.m */; };
		A879A0091BB954DC00C8EF80 /* Main.storyboard in Resources */ = {isa = PBXBuildFile; fileRef = A879A0071BB954DC00C8EF80 /* Main.storyboard */; };
		A879A00B1BB954DC00C8EF80 /* Assets.xcassets in Resources */ = {isa = PBXBuildFile; fileRef = A879A00A1BB954DC00C8EF80 /* Assets.xcassets */; };
		A879A00E1BB954DC00C8EF80 /* LaunchScreen.storyboard in Resources */ = {isa = PBXBuildFile; fileRef = A879A00C1BB954DC00C8EF80 /* LaunchScreen.storyboard */; };
		A879A0191BB954DC00C8EF80 /* maodouEduTests.m in Sources */ = {isa = PBXBuildFile; fileRef = A879A0181BB954DC00C8EF80 /* maodouEduTests.m */; };
		A879A0241BB954DC00C8EF80 /* maodouEduUITests.m in Sources */ = {isa = PBXBuildFile; fileRef = A879A0231BB954DC00C8EF80 /* maodouEduUITests.m */; };
/* End PBXBuildFile section */

/* Begin PBXContainerItemProxy section */
		A879A0151BB954DC00C8EF80 /* PBXContainerItemProxy */ = {
			isa = PBXContainerItemProxy;
			containerPortal = A8799FF31BB954DC00C8EF80 /* Project object */;
			proxyType = 1;
			remoteGlobalIDString = A8799FFA1BB954DC00C8EF80;
			remoteInfo = maodouEdu;
		};
		A879A0201BB954DC00C8EF80 /* PBXContainerItemProxy */ = {
			isa = PBXContainerItemProxy;
			containerPortal = A8799FF31BB954DC00C8EF80 /* Project object */;
			proxyType = 1;
			remoteGlobalIDString = A8799FFA1BB954DC00C8EF80;
			remoteInfo = maodouEdu;
		};
/* End PBXContainerItemProxy section */

/* Begin PBXFileReference section */
		8A4A33E01D30DF4162C8418E /* Pods.release.xcconfig */ = {isa = PBXFileReference; includeInIndex = 1; lastKnownFileType = text.xcconfig; name = Pods.release.xcconfig; path = "Pods/Target Support Files/Pods/Pods.release.xcconfig"; sourceTree = "<group>"; };
		A813CEF61BE0E45A00CF5C04 /* UIColor+Hex.h */ = {isa = PBXFileReference; fileEncoding = 4; lastKnownFileType = sourcecode.c.h; path = "UIColor+Hex.h"; sourceTree = "<group>"; };
		A813CEF71BE0E45A00CF5C04 /* UIColor+Hex.m */ = {isa = PBXFileReference; fileEncoding = 4; lastKnownFileType = sourcecode.c.objc; path = "UIColor+Hex.m"; sourceTree = "<group>"; };
		A819D7DD1BD5D560000B152F /* UIColor+Util.h */ = {isa = PBXFileReference; fileEncoding = 4; lastKnownFileType = sourcecode.c.h; path = "UIColor+Util.h"; sourceTree = "<group>"; };
		A819D7DE1BD5D560000B152F /* UIColor+Util.m */ = {isa = PBXFileReference; fileEncoding = 4; lastKnownFileType = sourcecode.c.objc; path = "UIColor+Util.m"; sourceTree = "<group>"; };
		A819D7E21BD6192E000B152F /* ImagePlayerView.h */ = {isa = PBXFileReference; fileEncoding = 4; lastKnownFileType = sourcecode.c.h; path = ImagePlayerView.h; sourceTree = "<group>"; };
		A819D7E31BD6192E000B152F /* ImagePlayerView.m */ = {isa = PBXFileReference; fileEncoding = 4; lastKnownFileType = sourcecode.c.objc; path = ImagePlayerView.m; sourceTree = "<group>"; };
		A84BDE5A1BD4E77F0056AE0E /* MDYDownloadViewController.h */ = {isa = PBXFileReference; fileEncoding = 4; lastKnownFileType = sourcecode.c.h; path = MDYDownloadViewController.h; sourceTree = "<group>"; };
		A84BDE5B1BD4E77F0056AE0E /* MDYDownloadViewController.m */ = {isa = PBXFileReference; fileEncoding = 4; lastKnownFileType = sourcecode.c.objc; path = MDYDownloadViewController.m; sourceTree = "<group>"; };
		A84BDE5E1BD4EB4F0056AE0E /* tabbar-news-selected@2x.png */ = {isa = PBXFileReference; lastKnownFileType = image.png; path = "tabbar-news-selected@2x.png"; sourceTree = "<group>"; };
		A84BDE5F1BD4EB4F0056AE0E /* tabbar-news-selected@3x.png */ = {isa = PBXFileReference; lastKnownFileType = image.png; path = "tabbar-news-selected@3x.png"; sourceTree = "<group>"; };
		A84BDE621BD4EB600056AE0E /* tabbar-me-selected@2x.png */ = {isa = PBXFileReference; lastKnownFileType = image.png; path = "tabbar-me-selected@2x.png"; sourceTree = "<group>"; };
		A84BDE631BD4EB600056AE0E /* tabbar-me-selected@3x.png */ = {isa = PBXFileReference; lastKnownFileType = image.png; path = "tabbar-me-selected@3x.png"; sourceTree = "<group>"; };
		A84BDE661BD4EB680056AE0E /* tabbar-discover-selected@2x.png */ = {isa = PBXFileReference; lastKnownFileType = image.png; path = "tabbar-discover-selected@2x.png"; sourceTree = "<group>"; };
		A84BDE671BD4EB680056AE0E /* tabbar-discover-selected@3x.png */ = {isa = PBXFileReference; lastKnownFileType = image.png; path = "tabbar-discover-selected@3x.png"; sourceTree = "<group>"; };
		A84BDE6A1BD4F4E20056AE0E /* discover-search@2x.png */ = {isa = PBXFileReference; lastKnownFileType = image.png; path = "discover-search@2x.png"; sourceTree = "<group>"; };
		A84BDE6B1BD4F4E20056AE0E /* discover-search@3x.png */ = {isa = PBXFileReference; lastKnownFileType = image.png; path = "discover-search@3x.png"; sourceTree = "<group>"; };
		A84BDE6E1BD4F6DB0056AE0E /* navigationbar-search@2x.png */ = {isa = PBXFileReference; lastKnownFileType = image.png; name = "navigationbar-search@2x.png"; path = "../Assets.xcassets/navigationbar-search.imageset/navigationbar-search@2x.png"; sourceTree = "<group>"; };
		A84BDE6F1BD4F6DB0056AE0E /* navigationbar-search@3x.png */ = {isa = PBXFileReference; lastKnownFileType = image.png; name = "navigationbar-search@3x.png"; path = "../Assets.xcassets/navigationbar-search.imageset/navigationbar-search@3x.png"; sourceTree = "<group>"; };
		A84BDE721BD4F6E40056AE0E /* navigationbar-sidebar@2x.png */ = {isa = PBXFileReference; lastKnownFileType = image.png; path = "navigationbar-sidebar@2x.png"; sourceTree = "<group>"; };
		A84BDE731BD4F6E40056AE0E /* navigationbar-sidebar@3x.png */ = {isa = PBXFileReference; lastKnownFileType = image.png; path = "navigationbar-sidebar@3x.png"; sourceTree = "<group>"; };
		A84BDE761BD5100A0056AE0E /* tabbar-discover@2x.png */ = {isa = PBXFileReference; lastKnownFileType = image.png; path = "tabbar-discover@2x.png"; sourceTree = "<group>"; };
		A84BDE771BD5100A0056AE0E /* tabbar-discover@3x.png */ = {isa = PBXFileReference; lastKnownFileType = image.png; path = "tabbar-discover@3x.png"; sourceTree = "<group>"; };
		A84BDE781BD5100A0056AE0E /* tabbar-me@2x.png */ = {isa = PBXFileReference; lastKnownFileType = image.png; path = "tabbar-me@2x.png"; sourceTree = "<group>"; };
		A84BDE791BD5100A0056AE0E /* tabbar-me@3x.png */ = {isa = PBXFileReference; lastKnownFileType = image.png; path = "tabbar-me@3x.png"; sourceTree = "<group>"; };
		A84BDE7E1BD5101C0056AE0E /* tabbar-news@2x.png */ = {isa = PBXFileReference; lastKnownFileType = image.png; path = "tabbar-news@2x.png"; sourceTree = "<group>"; };
		A84BDE7F1BD5101C0056AE0E /* tabbar-news@3x.png */ = {isa = PBXFileReference; lastKnownFileType = image.png; path = "tabbar-news@3x.png"; sourceTree = "<group>"; };
		A868D0541BD486FB008E5832 /* MDYHomeViewController.h */ = {isa = PBXFileReference; fileEncoding = 4; lastKnownFileType = sourcecode.c.h; path = MDYHomeViewController.h; sourceTree = "<group>"; };
		A868D0551BD486FB008E5832 /* MDYHomeViewController.m */ = {isa = PBXFileReference; fileEncoding = 4; lastKnownFileType = sourcecode.c.objc; path = MDYHomeViewController.m; sourceTree = "<group>"; };
		A868D0581BD48A35008E5832 /* MDYPersonViewController.h */ = {isa = PBXFileReference; fileEncoding = 4; lastKnownFileType = sourcecode.c.h; path = MDYPersonViewController.h; sourceTree = "<group>"; };
		A868D0591BD48A35008E5832 /* MDYPersonViewController.m */ = {isa = PBXFileReference; fileEncoding = 4; lastKnownFileType = sourcecode.c.objc; path = MDYPersonViewController.m; sourceTree = "<group>"; };
		A868D05B1BD48AED008E5832 /* MDYSideMenuTableViewController.h */ = {isa = PBXFileReference; fileEncoding = 4; lastKnownFileType = sourcecode.c.h; path = MDYSideMenuTableViewController.h; sourceTree = "<group>"; };
		A868D05C1BD48AED008E5832 /* MDYSideMenuTableViewController.m */ = {isa = PBXFileReference; fileEncoding = 4; lastKnownFileType = sourcecode.c.objc; path = MDYSideMenuTableViewController.m; sourceTree = "<group>"; };
		A868D05E1BD4A580008E5832 /* HomeStoryboard.storyboard */ = {isa = PBXFileReference; fileEncoding = 4; lastKnownFileType = file.storyboard; path = HomeStoryboard.storyboard; sourceTree = "<group>"; };
		A870B14B1BD0AC7F00E36F39 /* MDYCommonUtils.h */ = {isa = PBXFileReference; fileEncoding = 4; lastKnownFileType = sourcecode.c.h; path = MDYCommonUtils.h; sourceTree = "<group>"; };
		A870B14C1BD0AC7F00E36F39 /* MDYCommonUtils.m */ = {isa = PBXFileReference; fileEncoding = 4; lastKnownFileType = sourcecode.c.objc; path = MDYCommonUtils.m; sourceTree = "<group>"; };
		A870B14E1BD0ACEC00E36F39 /* Foundation.framework */ = {isa = PBXFileReference; lastKnownFileType = wrapper.framework; name = Foundation.framework; path = System/Library/Frameworks/Foundation.framework; sourceTree = SDKROOT; };
		A870B1931BD0D61F00E36F39 /* MDYHttpTool.h */ = {isa = PBXFileReference; fileEncoding = 4; lastKnownFileType = sourcecode.c.h; path = MDYHttpTool.h; sourceTree = "<group>"; };
		A870B1941BD0D61F00E36F39 /* MDYHttpTool.m */ = {isa = PBXFileReference; fileEncoding = 4; lastKnownFileType = sourcecode.c.objc; path = MDYHttpTool.m; sourceTree = "<group>"; };
		A870B1961BD0DDD400E36F39 /* MDYAPI.h */ = {isa = PBXFileReference; fileEncoding = 4; lastKnownFileType = sourcecode.c.h; path = MDYAPI.h; sourceTree = "<group>"; };
		A8799FFB1BB954DC00C8EF80 /* maodouEdu.app */ = {isa = PBXFileReference; explicitFileType = wrapper.application; includeInIndex = 0; path = maodouEdu.app; sourceTree = BUILT_PRODUCTS_DIR; };
		A8799FFF1BB954DC00C8EF80 /* main.m */ = {isa = PBXFileReference; lastKnownFileType = sourcecode.c.objc; path = main.m; sourceTree = "<group>"; };
		A879A0011BB954DC00C8EF80 /* AppDelegate.h */ = {isa = PBXFileReference; lastKnownFileType = sourcecode.c.h; path = AppDelegate.h; sourceTree = "<group>"; };
		A879A0021BB954DC00C8EF80 /* AppDelegate.m */ = {isa = PBXFileReference; lastKnownFileType = sourcecode.c.objc; path = AppDelegate.m; sourceTree = "<group>"; };
		A879A0041BB954DC00C8EF80 /* ViewController.h */ = {isa = PBXFileReference; lastKnownFileType = sourcecode.c.h; path = ViewController.h; sourceTree = "<group>"; };
		A879A0051BB954DC00C8EF80 /* ViewController.m */ = {isa = PBXFileReference; lastKnownFileType = sourcecode.c.objc; path = ViewController.m; sourceTree = "<group>"; };
		A879A0081BB954DC00C8EF80 /* Base */ = {isa = PBXFileReference; lastKnownFileType = file.storyboard; name = Base; path = Base.lproj/Main.storyboard; sourceTree = "<group>"; };
		A879A00A1BB954DC00C8EF80 /* Assets.xcassets */ = {isa = PBXFileReference; lastKnownFileType = folder.assetcatalog; path = Assets.xcassets; sourceTree = "<group>"; };
		A879A00D1BB954DC00C8EF80 /* Base */ = {isa = PBXFileReference; lastKnownFileType = file.storyboard; name = Base; path = Base.lproj/LaunchScreen.storyboard; sourceTree = "<group>"; };
		A879A00F1BB954DC00C8EF80 /* Info.plist */ = {isa = PBXFileReference; lastKnownFileType = text.plist.xml; path = Info.plist; sourceTree = "<group>"; };
		A879A0141BB954DC00C8EF80 /* maodouEduTests.xctest */ = {isa = PBXFileReference; explicitFileType = wrapper.cfbundle; includeInIndex = 0; path = maodouEduTests.xctest; sourceTree = BUILT_PRODUCTS_DIR; };
		A879A0181BB954DC00C8EF80 /* maodouEduTests.m */ = {isa = PBXFileReference; lastKnownFileType = sourcecode.c.objc; path = maodouEduTests.m; sourceTree = "<group>"; };
		A879A01A1BB954DC00C8EF80 /* Info.plist */ = {isa = PBXFileReference; lastKnownFileType = text.plist.xml; path = Info.plist; sourceTree = "<group>"; };
		A879A01F1BB954DC00C8EF80 /* maodouEduUITests.xctest */ = {isa = PBXFileReference; explicitFileType = wrapper.cfbundle; includeInIndex = 0; path = maodouEduUITests.xctest; sourceTree = BUILT_PRODUCTS_DIR; };
		A879A0231BB954DC00C8EF80 /* maodouEduUITests.m */ = {isa = PBXFileReference; lastKnownFileType = sourcecode.c.objc; path = maodouEduUITests.m; sourceTree = "<group>"; };
		A879A0251BB954DC00C8EF80 /* Info.plist */ = {isa = PBXFileReference; lastKnownFileType = text.plist.xml; path = Info.plist; sourceTree = "<group>"; };
		B98AC3BB498633B1CC3982B0 /* Pods.debug.xcconfig */ = {isa = PBXFileReference; includeInIndex = 1; lastKnownFileType = text.xcconfig; name = Pods.debug.xcconfig; path = "Pods/Target Support Files/Pods/Pods.debug.xcconfig"; sourceTree = "<group>"; };
		BA1FAAF0BB76595E62C85DEA /* Pods.framework */ = {isa = PBXFileReference; explicitFileType = wrapper.framework; includeInIndex = 0; path = Pods.framework; sourceTree = BUILT_PRODUCTS_DIR; };
/* End PBXFileReference section */

/* Begin PBXFrameworksBuildPhase section */
		A8799FF81BB954DC00C8EF80 /* Frameworks */ = {
			isa = PBXFrameworksBuildPhase;
			buildActionMask = 2147483647;
			files = (
				72812CAAF926CA16DC52E875 /* Pods.framework in Frameworks */,
			);
			runOnlyForDeploymentPostprocessing = 0;
		};
		A879A0111BB954DC00C8EF80 /* Frameworks */ = {
			isa = PBXFrameworksBuildPhase;
			buildActionMask = 2147483647;
			files = (
			);
			runOnlyForDeploymentPostprocessing = 0;
		};
		A879A01C1BB954DC00C8EF80 /* Frameworks */ = {
			isa = PBXFrameworksBuildPhase;
			buildActionMask = 2147483647;
			files = (
			);
			runOnlyForDeploymentPostprocessing = 0;
		};
/* End PBXFrameworksBuildPhase section */

/* Begin PBXGroup section */
		A0C385C0FCA1F20E31138FB4 /* Frameworks */ = {
			isa = PBXGroup;
			children = (
				A870B14E1BD0ACEC00E36F39 /* Foundation.framework */,
				BA1FAAF0BB76595E62C85DEA /* Pods.framework */,
			);
			name = Frameworks;
			sourceTree = "<group>";
		};
		A819D7E11BD618F2000B152F /* view */ = {
			isa = PBXGroup;
			children = (
				A819D7E21BD6192E000B152F /* ImagePlayerView.h */,
				A819D7E31BD6192E000B152F /* ImagePlayerView.m */,
			);
			path = view;
			sourceTree = "<group>";
		};
		A84BDE591BD4E7430056AE0E /* download */ = {
			isa = PBXGroup;
			children = (
				A84BDE5A1BD4E77F0056AE0E /* MDYDownloadViewController.h */,
				A84BDE5B1BD4E77F0056AE0E /* MDYDownloadViewController.m */,
			);
			path = download;
			sourceTree = "<group>";
		};
		A84BDE5D1BD4EB1D0056AE0E /* resources */ = {
			isa = PBXGroup;
			children = (
				A84BDE761BD5100A0056AE0E /* tabbar-discover@2x.png */,
				A84BDE771BD5100A0056AE0E /* tabbar-discover@3x.png */,
				A84BDE781BD5100A0056AE0E /* tabbar-me@2x.png */,
				A84BDE791BD5100A0056AE0E /* tabbar-me@3x.png */,
				A84BDE7E1BD5101C0056AE0E /* tabbar-news@2x.png */,
				A84BDE7F1BD5101C0056AE0E /* tabbar-news@3x.png */,
				A84BDE721BD4F6E40056AE0E /* navigationbar-sidebar@2x.png */,
				A84BDE6E1BD4F6DB0056AE0E /* navigationbar-search@2x.png */,
				A84BDE6F1BD4F6DB0056AE0E /* navigationbar-search@3x.png */,
				A84BDE731BD4F6E40056AE0E /* navigationbar-sidebar@3x.png */,
				A84BDE6A1BD4F4E20056AE0E /* discover-search@2x.png */,
				A84BDE6B1BD4F4E20056AE0E /* discover-search@3x.png */,
				A84BDE661BD4EB680056AE0E /* tabbar-discover-selected@2x.png */,
				A84BDE671BD4EB680056AE0E /* tabbar-discover-selected@3x.png */,
				A84BDE621BD4EB600056AE0E /* tabbar-me-selected@2x.png */,
				A84BDE631BD4EB600056AE0E /* tabbar-me-selected@3x.png */,
				A84BDE5E1BD4EB4F0056AE0E /* tabbar-news-selected@2x.png */,
				A84BDE5F1BD4EB4F0056AE0E /* tabbar-news-selected@3x.png */,
			);
			path = resources;
			sourceTree = "<group>";
		};
		A859A6611BCF9D13002A3AF7 /* Class */ = {
			isa = PBXGroup;
			children = (
				A84BDE591BD4E7430056AE0E /* download */,
				A868D0571BD48706008E5832 /* person */,
				A868D0531BD48670008E5832 /* main */,
				A859A6621BCF9D31002A3AF7 /* common */,
			);
			path = Class;
			sourceTree = "<group>";
		};
		A859A6621BCF9D31002A3AF7 /* common */ = {
			isa = PBXGroup;
			children = (
				A813CEF61BE0E45A00CF5C04 /* UIColor+Hex.h */,
				A813CEF71BE0E45A00CF5C04 /* UIColor+Hex.m */,
				A870B14B1BD0AC7F00E36F39 /* MDYCommonUtils.h */,
				A870B14C1BD0AC7F00E36F39 /* MDYCommonUtils.m */,
				A870B1931BD0D61F00E36F39 /* MDYHttpTool.h */,
				A870B1941BD0D61F00E36F39 /* MDYHttpTool.m */,
				A870B1961BD0DDD400E36F39 /* MDYAPI.h */,
				A819D7DD1BD5D560000B152F /* UIColor+Util.h */,
				A819D7DE1BD5D560000B152F /* UIColor+Util.m */,
			);
			path = common;
			sourceTree = "<group>";
		};
		A859A6641BCFA03C002A3AF7 /* storyboard */ = {
			isa = PBXGroup;
			children = (
				A868D05E1BD4A580008E5832 /* HomeStoryboard.storyboard */,
			);
			path = storyboard;
			sourceTree = "<group>";
		};
		A859A6651BCFA08F002A3AF7 /* Libraries */ = {
			isa = PBXGroup;
			children = (
			);
			path = Libraries;
			sourceTree = "<group>";
		};
		A868D0531BD48670008E5832 /* main */ = {
			isa = PBXGroup;
			children = (
				A819D7E11BD618F2000B152F /* view */,
				A868D0541BD486FB008E5832 /* MDYHomeViewController.h */,
				A868D0551BD486FB008E5832 /* MDYHomeViewController.m */,
			);
			path = main;
			sourceTree = "<group>";
		};
		A868D0571BD48706008E5832 /* person */ = {
			isa = PBXGroup;
			children = (
				A868D0581BD48A35008E5832 /* MDYPersonViewController.h */,
				A868D0591BD48A35008E5832 /* MDYPersonViewController.m */,
				A868D05B1BD48AED008E5832 /* MDYSideMenuTableViewController.h */,
				A868D05C1BD48AED008E5832 /* MDYSideMenuTableViewController.m */,
			);
			path = person;
			sourceTree = "<group>";
		};
		A8799FF21BB954DC00C8EF80 = {
			isa = PBXGroup;
			children = (
				A8799FFD1BB954DC00C8EF80 /* maodouEdu */,
				A879A0171BB954DC00C8EF80 /* maodouEduTests */,
				A879A0221BB954DC00C8EF80 /* maodouEduUITests */,
				A8799FFC1BB954DC00C8EF80 /* Products */,
				F293F25B3284AE60DE05A6CA /* Pods */,
				A0C385C0FCA1F20E31138FB4 /* Frameworks */,
			);
			sourceTree = "<group>";
		};
		A8799FFC1BB954DC00C8EF80 /* Products */ = {
			isa = PBXGroup;
			children = (
				A8799FFB1BB954DC00C8EF80 /* maodouEdu.app */,
				A879A0141BB954DC00C8EF80 /* maodouEduTests.xctest */,
				A879A01F1BB954DC00C8EF80 /* maodouEduUITests.xctest */,
			);
			name = Products;
			sourceTree = "<group>";
		};
		A8799FFD1BB954DC00C8EF80 /* maodouEdu */ = {
			isa = PBXGroup;
			children = (
				A84BDE5D1BD4EB1D0056AE0E /* resources */,
				A859A6651BCFA08F002A3AF7 /* Libraries */,
				A859A6641BCFA03C002A3AF7 /* storyboard */,
				A859A6611BCF9D13002A3AF7 /* Class */,
				A879A0011BB954DC00C8EF80 /* AppDelegate.h */,
				A879A0021BB954DC00C8EF80 /* AppDelegate.m */,
				A879A0041BB954DC00C8EF80 /* ViewController.h */,
				A879A0051BB954DC00C8EF80 /* ViewController.m */,
				A879A0071BB954DC00C8EF80 /* Main.storyboard */,
				A879A00A1BB954DC00C8EF80 /* Assets.xcassets */,
				A879A00C1BB954DC00C8EF80 /* LaunchScreen.storyboard */,
				A879A00F1BB954DC00C8EF80 /* Info.plist */,
				A8799FFE1BB954DC00C8EF80 /* Supporting Files */,
			);
			path = maodouEdu;
			sourceTree = "<group>";
		};
		A8799FFE1BB954DC00C8EF80 /* Supporting Files */ = {
			isa = PBXGroup;
			children = (
				A8799FFF1BB954DC00C8EF80 /* main.m */,
			);
			name = "Supporting Files";
			sourceTree = "<group>";
		};
		A879A0171BB954DC00C8EF80 /* maodouEduTests */ = {
			isa = PBXGroup;
			children = (
				A879A0181BB954DC00C8EF80 /* maodouEduTests.m */,
				A879A01A1BB954DC00C8EF80 /* Info.plist */,
			);
			path = maodouEduTests;
			sourceTree = "<group>";
		};
		A879A0221BB954DC00C8EF80 /* maodouEduUITests */ = {
			isa = PBXGroup;
			children = (
				A879A0231BB954DC00C8EF80 /* maodouEduUITests.m */,
				A879A0251BB954DC00C8EF80 /* Info.plist */,
			);
			path = maodouEduUITests;
			sourceTree = "<group>";
		};
		F293F25B3284AE60DE05A6CA /* Pods */ = {
			isa = PBXGroup;
			children = (
				B98AC3BB498633B1CC3982B0 /* Pods.debug.xcconfig */,
				8A4A33E01D30DF4162C8418E /* Pods.release.xcconfig */,
			);
			name = Pods;
			sourceTree = "<group>";
		};
/* End PBXGroup section */

/* Begin PBXNativeTarget section */
		A8799FFA1BB954DC00C8EF80 /* maodouEdu */ = {
			isa = PBXNativeTarget;
			buildConfigurationList = A879A0281BB954DC00C8EF80 /* Build configuration list for PBXNativeTarget "maodouEdu" */;
			buildPhases = (
				1677E2A009549417CE9B6687 /* Check Pods Manifest.lock */,
				A8799FF71BB954DC00C8EF80 /* Sources */,
				A8799FF81BB954DC00C8EF80 /* Frameworks */,
				A8799FF91BB954DC00C8EF80 /* Resources */,
				9DF684127F3F0EC5A37948F7 /* Embed Pods Frameworks */,
				D80B40B7136A61835ABE3BF0 /* Copy Pods Resources */,
			);
			buildRules = (
			);
			dependencies = (
			);
			name = maodouEdu;
			productName = maodouEdu;
			productReference = A8799FFB1BB954DC00C8EF80 /* maodouEdu.app */;
			productType = "com.apple.product-type.application";
		};
		A879A0131BB954DC00C8EF80 /* maodouEduTests */ = {
			isa = PBXNativeTarget;
			buildConfigurationList = A879A02B1BB954DC00C8EF80 /* Build configuration list for PBXNativeTarget "maodouEduTests" */;
			buildPhases = (
				A879A0101BB954DC00C8EF80 /* Sources */,
				A879A0111BB954DC00C8EF80 /* Frameworks */,
				A879A0121BB954DC00C8EF80 /* Resources */,
			);
			buildRules = (
			);
			dependencies = (
				A879A0161BB954DC00C8EF80 /* PBXTargetDependency */,
			);
			name = maodouEduTests;
			productName = maodouEduTests;
			productReference = A879A0141BB954DC00C8EF80 /* maodouEduTests.xctest */;
			productType = "com.apple.product-type.bundle.unit-test";
		};
		A879A01E1BB954DC00C8EF80 /* maodouEduUITests */ = {
			isa = PBXNativeTarget;
			buildConfigurationList = A879A02E1BB954DC00C8EF80 /* Build configuration list for PBXNativeTarget "maodouEduUITests" */;
			buildPhases = (
				A879A01B1BB954DC00C8EF80 /* Sources */,
				A879A01C1BB954DC00C8EF80 /* Frameworks */,
				A879A01D1BB954DC00C8EF80 /* Resources */,
			);
			buildRules = (
			);
			dependencies = (
				A879A0211BB954DC00C8EF80 /* PBXTargetDependency */,
			);
			name = maodouEduUITests;
			productName = maodouEduUITests;
			productReference = A879A01F1BB954DC00C8EF80 /* maodouEduUITests.xctest */;
			productType = "com.apple.product-type.bundle.ui-testing";
		};
/* End PBXNativeTarget section */

/* Begin PBXProject section */
		A8799FF31BB954DC00C8EF80 /* Project object */ = {
			isa = PBXProject;
			attributes = {
				LastSwiftMigration = 0700;
				LastUpgradeCheck = 0700;
				ORGANIZATIONNAME = zks;
				TargetAttributes = {
					A8799FFA1BB954DC00C8EF80 = {
						CreatedOnToolsVersion = 7.0;
					};
					A879A0131BB954DC00C8EF80 = {
						CreatedOnToolsVersion = 7.0;
						TestTargetID = A8799FFA1BB954DC00C8EF80;
					};
					A879A01E1BB954DC00C8EF80 = {
						CreatedOnToolsVersion = 7.0;
						TestTargetID = A8799FFA1BB954DC00C8EF80;
					};
				};
			};
			buildConfigurationList = A8799FF61BB954DC00C8EF80 /* Build configuration list for PBXProject "maodouEdu" */;
			compatibilityVersion = "Xcode 3.2";
			developmentRegion = English;
			hasScannedForEncodings = 0;
			knownRegions = (
				en,
				Base,
			);
			mainGroup = A8799FF21BB954DC00C8EF80;
			productRefGroup = A8799FFC1BB954DC00C8EF80 /* Products */;
			projectDirPath = "";
			projectRoot = "";
			targets = (
				A8799FFA1BB954DC00C8EF80 /* maodouEdu */,
				A879A0131BB954DC00C8EF80 /* maodouEduTests */,
				A879A01E1BB954DC00C8EF80 /* maodouEduUITests */,
			);
		};
/* End PBXProject section */

/* Begin PBXResourcesBuildPhase section */
		A8799FF91BB954DC00C8EF80 /* Resources */ = {
			isa = PBXResourcesBuildPhase;
			buildActionMask = 2147483647;
			files = (
				A84BDE811BD5101C0056AE0E /* tabbar-news@3x.png in Resources */,
				A84BDE651BD4EB600056AE0E /* tabbar-me-selected@3x.png in Resources */,
				A84BDE681BD4EB680056AE0E /* tabbar-discover-selected@2x.png in Resources */,
				A84BDE701BD4F6DB0056AE0E /* navigationbar-search@2x.png in Resources */,
				A879A00E1BB954DC00C8EF80 /* LaunchScreen.storyboard in Resources */,
				A84BDE611BD4EB4F0056AE0E /* tabbar-news-selected@3x.png in Resources */,
				A84BDE7A1BD5100A0056AE0E /* tabbar-discover@2x.png in Resources */,
				A879A00B1BB954DC00C8EF80 /* Assets.xcassets in Resources */,
				A84BDE751BD4F6E40056AE0E /* navigationbar-sidebar@3x.png in Resources */,
				A84BDE7C1BD5100A0056AE0E /* tabbar-me@2x.png in Resources */,
				A84BDE801BD5101C0056AE0E /* tabbar-news@2x.png in Resources */,
				A84BDE7D1BD5100A0056AE0E /* tabbar-me@3x.png in Resources */,
				A84BDE641BD4EB600056AE0E /* tabbar-me-selected@2x.png in Resources */,
				A84BDE6D1BD4F4E20056AE0E /* discover-search@3x.png in Resources */,
				A84BDE601BD4EB4F0056AE0E /* tabbar-news-selected@2x.png in Resources */,
				A868D05F1BD4A580008E5832 /* HomeStoryboard.storyboard in Resources */,
				A84BDE6C1BD4F4E20056AE0E /* discover-search@2x.png in Resources */,
				A84BDE741BD4F6E40056AE0E /* navigationbar-sidebar@2x.png in Resources */,
				A84BDE711BD4F6DB0056AE0E /* navigationbar-search@3x.png in Resources */,
				A879A0091BB954DC00C8EF80 /* Main.storyboard in Resources */,
				A84BDE7B1BD5100A0056AE0E /* tabbar-discover@3x.png in Resources */,
				A84BDE691BD4EB680056AE0E /* tabbar-discover-selected@3x.png in Resources */,
			);
			runOnlyForDeploymentPostprocessing = 0;
		};
		A879A0121BB954DC00C8EF80 /* Resources */ = {
			isa = PBXResourcesBuildPhase;
			buildActionMask = 2147483647;
			files = (
			);
			runOnlyForDeploymentPostprocessing = 0;
		};
		A879A01D1BB954DC00C8EF80 /* Resources */ = {
			isa = PBXResourcesBuildPhase;
			buildActionMask = 2147483647;
			files = (
			);
			runOnlyForDeploymentPostprocessing = 0;
		};
/* End PBXResourcesBuildPhase section */

/* Begin PBXShellScriptBuildPhase section */
		1677E2A009549417CE9B6687 /* Check Pods Manifest.lock */ = {
			isa = PBXShellScriptBuildPhase;
			buildActionMask = 2147483647;
			files = (
			);
			inputPaths = (
			);
			name = "Check Pods Manifest.lock";
			outputPaths = (
			);
			runOnlyForDeploymentPostprocessing = 0;
			shellPath = /bin/sh;
			shellScript = "diff \"${PODS_ROOT}/../Podfile.lock\" \"${PODS_ROOT}/Manifest.lock\" > /dev/null\nif [[ $? != 0 ]] ; then\n    cat << EOM\nerror: The sandbox is not in sync with the Podfile.lock. Run 'pod install' or update your CocoaPods installation.\nEOM\n    exit 1\nfi\n";
			showEnvVarsInLog = 0;
		};
		9DF684127F3F0EC5A37948F7 /* Embed Pods Frameworks */ = {
			isa = PBXShellScriptBuildPhase;
			buildActionMask = 2147483647;
			files = (
			);
			inputPaths = (
			);
			name = "Embed Pods Frameworks";
			outputPaths = (
			);
			runOnlyForDeploymentPostprocessing = 0;
			shellPath = /bin/sh;
			shellScript = "\"${SRCROOT}/Pods/Target Support Files/Pods/Pods-frameworks.sh\"\n";
			showEnvVarsInLog = 0;
		};
		D80B40B7136A61835ABE3BF0 /* Copy Pods Resources */ = {
			isa = PBXShellScriptBuildPhase;
			buildActionMask = 2147483647;
			files = (
			);
			inputPaths = (
			);
			name = "Copy Pods Resources";
			outputPaths = (
			);
			runOnlyForDeploymentPostprocessing = 0;
			shellPath = /bin/sh;
			shellScript = "\"${SRCROOT}/Pods/Target Support Files/Pods/Pods-resources.sh\"\n";
			showEnvVarsInLog = 0;
		};
/* End PBXShellScriptBuildPhase section */

/* Begin PBXSourcesBuildPhase section */
		A8799FF71BB954DC00C8EF80 /* Sources */ = {
			isa = PBXSourcesBuildPhase;
			buildActionMask = 2147483647;
			files = (
				A819D7E41BD6192E000B152F /* ImagePlayerView.m in Sources */,
				A813CEF81BE0E45A00CF5C04 /* UIColor+Hex.m in Sources */,
				A879A0061BB954DC00C8EF80 /* ViewController.m in Sources */,
				A84BDE5C1BD4E77F0056AE0E /* MDYDownloadViewController.m in Sources */,
				A868D05A1BD48A35008E5832 /* MDYPersonViewController.m in Sources */,
				A870B1951BD0D61F00E36F39 /* MDYHttpTool.m in Sources */,
				A879A0031BB954DC00C8EF80 /* AppDelegate.m in Sources */,
				A868D05D1BD48AED008E5832 /* MDYSideMenuTableViewController.m in Sources */,
				A879A0001BB954DC00C8EF80 /* main.m in Sources */,
				A868D0561BD486FB008E5832 /* MDYHomeViewController.m in Sources */,
				A870B14D1BD0AC7F00E36F39 /* MDYCommonUtils.m in Sources */,
				A819D7DF1BD5D560000B152F /* UIColor+Util.m in Sources */,
			);
			runOnlyForDeploymentPostprocessing = 0;
		};
		A879A0101BB954DC00C8EF80 /* Sources */ = {
			isa = PBXSourcesBuildPhase;
			buildActionMask = 2147483647;
			files = (
				A879A0191BB954DC00C8EF80 /* maodouEduTests.m in Sources */,
			);
			runOnlyForDeploymentPostprocessing = 0;
		};
		A879A01B1BB954DC00C8EF80 /* Sources */ = {
			isa = PBXSourcesBuildPhase;
			buildActionMask = 2147483647;
			files = (
				A879A0241BB954DC00C8EF80 /* maodouEduUITests.m in Sources */,
			);
			runOnlyForDeploymentPostprocessing = 0;
		};
/* End PBXSourcesBuildPhase section */

/* Begin PBXTargetDependency section */
		A879A0161BB954DC00C8EF80 /* PBXTargetDependency */ = {
			isa = PBXTargetDependency;
			target = A8799FFA1BB954DC00C8EF80 /* maodouEdu */;
			targetProxy = A879A0151BB954DC00C8EF80 /* PBXContainerItemProxy */;
		};
		A879A0211BB954DC00C8EF80 /* PBXTargetDependency */ = {
			isa = PBXTargetDependency;
			target = A8799FFA1BB954DC00C8EF80 /* maodouEdu */;
			targetProxy = A879A0201BB954DC00C8EF80 /* PBXContainerItemProxy */;
		};
/* End PBXTargetDependency section */

/* Begin PBXVariantGroup section */
		A879A0071BB954DC00C8EF80 /* Main.storyboard */ = {
			isa = PBXVariantGroup;
			children = (
				A879A0081BB954DC00C8EF80 /* Base */,
			);
			name = Main.storyboard;
			sourceTree = "<group>";
		};
		A879A00C1BB954DC00C8EF80 /* LaunchScreen.storyboard */ = {
			isa = PBXVariantGroup;
			children = (
				A879A00D1BB954DC00C8EF80 /* Base */,
			);
			name = LaunchScreen.storyboard;
			sourceTree = "<group>";
		};
/* End PBXVariantGroup section */

/* Begin XCBuildConfiguration section */
		A879A0261BB954DC00C8EF80 /* Debug */ = {
			isa = XCBuildConfiguration;
			buildSettings = {
				ALWAYS_SEARCH_USER_PATHS = NO;
				CLANG_CXX_LANGUAGE_STANDARD = "gnu++0x";
				CLANG_CXX_LIBRARY = "libc++";
				CLANG_ENABLE_MODULES = YES;
				CLANG_ENABLE_OBJC_ARC = YES;
				CLANG_WARN_BOOL_CONVERSION = YES;
				CLANG_WARN_CONSTANT_CONVERSION = YES;
				CLANG_WARN_DIRECT_OBJC_ISA_USAGE = YES_ERROR;
				CLANG_WARN_EMPTY_BODY = YES;
				CLANG_WARN_ENUM_CONVERSION = YES;
				CLANG_WARN_INT_CONVERSION = YES;
				CLANG_WARN_OBJC_ROOT_CLASS = YES_ERROR;
				CLANG_WARN_UNREACHABLE_CODE = YES;
				CLANG_WARN__DUPLICATE_METHOD_MATCH = YES;
				"CODE_SIGN_IDENTITY[sdk=iphoneos*]" = "iPhone Developer";
				COPY_PHASE_STRIP = NO;
				DEBUG_INFORMATION_FORMAT = dwarf;
				ENABLE_STRICT_OBJC_MSGSEND = YES;
				ENABLE_TESTABILITY = YES;
				GCC_C_LANGUAGE_STANDARD = gnu99;
				GCC_DYNAMIC_NO_PIC = NO;
				GCC_NO_COMMON_BLOCKS = YES;
				GCC_OPTIMIZATION_LEVEL = 0;
				GCC_PREPROCESSOR_DEFINITIONS = (
					"DEBUG=1",
					"$(inherited)",
				);
				GCC_WARN_64_TO_32_BIT_CONVERSION = YES;
				GCC_WARN_ABOUT_RETURN_TYPE = YES_ERROR;
				GCC_WARN_UNDECLARED_SELECTOR = YES;
				GCC_WARN_UNINITIALIZED_AUTOS = YES_AGGRESSIVE;
				GCC_WARN_UNUSED_FUNCTION = YES;
				GCC_WARN_UNUSED_VARIABLE = YES;
				IPHONEOS_DEPLOYMENT_TARGET = 9.0;
				MTL_ENABLE_DEBUG_INFO = YES;
				ONLY_ACTIVE_ARCH = YES;
				SDKROOT = iphoneos;
			};
			name = Debug;
		};
		A879A0271BB954DC00C8EF80 /* Release */ = {
			isa = XCBuildConfiguration;
			buildSettings = {
				ALWAYS_SEARCH_USER_PATHS = NO;
				CLANG_CXX_LANGUAGE_STANDARD = "gnu++0x";
				CLANG_CXX_LIBRARY = "libc++";
				CLANG_ENABLE_MODULES = YES;
				CLANG_ENABLE_OBJC_ARC = YES;
				CLANG_WARN_BOOL_CONVERSION = YES;
				CLANG_WARN_CONSTANT_CONVERSION = YES;
				CLANG_WARN_DIRECT_OBJC_ISA_USAGE = YES_ERROR;
				CLANG_WARN_EMPTY_BODY = YES;
				CLANG_WARN_ENUM_CONVERSION = YES;
				CLANG_WARN_INT_CONVERSION = YES;
				CLANG_WARN_OBJC_ROOT_CLASS = YES_ERROR;
				CLANG_WARN_UNREACHABLE_CODE = YES;
				CLANG_WARN__DUPLICATE_METHOD_MATCH = YES;
				"CODE_SIGN_IDENTITY[sdk=iphoneos*]" = "iPhone Developer";
				COPY_PHASE_STRIP = NO;
				DEBUG_INFORMATION_FORMAT = "dwarf-with-dsym";
				ENABLE_NS_ASSERTIONS = NO;
				ENABLE_STRICT_OBJC_MSGSEND = YES;
				GCC_C_LANGUAGE_STANDARD = gnu99;
				GCC_NO_COMMON_BLOCKS = YES;
				GCC_WARN_64_TO_32_BIT_CONVERSION = YES;
				GCC_WARN_ABOUT_RETURN_TYPE = YES_ERROR;
				GCC_WARN_UNDECLARED_SELECTOR = YES;
				GCC_WARN_UNINITIALIZED_AUTOS = YES_AGGRESSIVE;
				GCC_WARN_UNUSED_FUNCTION = YES;
				GCC_WARN_UNUSED_VARIABLE = YES;
				IPHONEOS_DEPLOYMENT_TARGET = 9.0;
				MTL_ENABLE_DEBUG_INFO = NO;
				SDKROOT = iphoneos;
				VALIDATE_PRODUCT = YES;
			};
			name = Release;
		};
		A879A0291BB954DC00C8EF80 /* Debug */ = {
			isa = XCBuildConfiguration;
			baseConfigurationReference = B98AC3BB498633B1CC3982B0 /* Pods.debug.xcconfig */;
			buildSettings = {
				ASSETCATALOG_COMPILER_APPICON_NAME = AppIcon;
				INFOPLIST_FILE = maodouEdu/Info.plist;
				LD_RUNPATH_SEARCH_PATHS = "$(inherited) @executable_path/Frameworks";
				PRODUCT_BUNDLE_IDENTIFIER = com.maodouya.maodouEdu;
				PRODUCT_NAME = "$(TARGET_NAME)";
			};
			name = Debug;
		};
		A879A02A1BB954DC00C8EF80 /* Release */ = {
			isa = XCBuildConfiguration;
			baseConfigurationReference = 8A4A33E01D30DF4162C8418E /* Pods.release.xcconfig */;
			buildSettings = {
				ASSETCATALOG_COMPILER_APPICON_NAME = AppIcon;
				INFOPLIST_FILE = maodouEdu/Info.plist;
				LD_RUNPATH_SEARCH_PATHS = "$(inherited) @executable_path/Frameworks";
				PRODUCT_BUNDLE_IDENTIFIER = com.maodouya.maodouEdu;
				PRODUCT_NAME = "$(TARGET_NAME)";
			};
			name = Release;
		};
		A879A02C1BB954DC00C8EF80 /* Debug */ = {
			isa = XCBuildConfiguration;
			buildSettings = {
				BUNDLE_LOADER = "$(TEST_HOST)";
				INFOPLIST_FILE = maodouEduTests/Info.plist;
				LD_RUNPATH_SEARCH_PATHS = "$(inherited) @executable_path/Frameworks @loader_path/Frameworks";
				PRODUCT_BUNDLE_IDENTIFIER = com.maodouya.maodouEduTests;
				PRODUCT_NAME = "$(TARGET_NAME)";
				TEST_HOST = "$(BUILT_PRODUCTS_DIR)/maodouEdu.app/maodouEdu";
			};
			name = Debug;
		};
		A879A02D1BB954DC00C8EF80 /* Release */ = {
			isa = XCBuildConfiguration;
			buildSettings = {
				BUNDLE_LOADER = "$(TEST_HOST)";
				INFOPLIST_FILE = maodouEduTests/Info.plist;
				LD_RUNPATH_SEARCH_PATHS = "$(inherited) @executable_path/Frameworks @loader_path/Frameworks";
				PRODUCT_BUNDLE_IDENTIFIER = com.maodouya.maodouEduTests;
				PRODUCT_NAME = "$(TARGET_NAME)";
				TEST_HOST = "$(BUILT_PRODUCTS_DIR)/maodouEdu.app/maodouEdu";
			};
			name = Release;
		};
		A879A02F1BB954DC00C8EF80 /* Debug */ = {
			isa = XCBuildConfiguration;
			buildSettings = {
				INFOPLIST_FILE = maodouEduUITests/Info.plist;
				LD_RUNPATH_SEARCH_PATHS = "$(inherited) @executable_path/Frameworks @loader_path/Frameworks";
				PRODUCT_BUNDLE_IDENTIFIER = com.maodouya.maodouEduUITests;
				PRODUCT_NAME = "$(TARGET_NAME)";
				TEST_TARGET_NAME = maodouEdu;
				USES_XCTRUNNER = YES;
			};
			name = Debug;
		};
		A879A0301BB954DC00C8EF80 /* Release */ = {
			isa = XCBuildConfiguration;
			buildSettings = {
				INFOPLIST_FILE = maodouEduUITests/Info.plist;
				LD_RUNPATH_SEARCH_PATHS = "$(inherited) @executable_path/Frameworks @loader_path/Frameworks";
				PRODUCT_BUNDLE_IDENTIFIER = com.maodouya.maodouEduUITests;
				PRODUCT_NAME = "$(TARGET_NAME)";
				TEST_TARGET_NAME = maodouEdu;
				USES_XCTRUNNER = YES;
			};
			name = Release;
		};
/* End XCBuildConfiguration section */

/* Begin XCConfigurationList section */
		A8799FF61BB954DC00C8EF80 /* Build configuration list for PBXProject "maodouEdu" */ = {
			isa = XCConfigurationList;
			buildConfigurations = (
				A879A0261BB954DC00C8EF80 /* Debug */,
				A879A0271BB954DC00C8EF80 /* Release */,
			);
			defaultConfigurationIsVisible = 0;
			defaultConfigurationName = Release;
		};
		A879A0281BB954DC00C8EF80 /* Build configuration list for PBXNativeTarget "maodouEdu" */ = {
			isa = XCConfigurationList;
			buildConfigurations = (
				A879A0291BB954DC00C8EF80 /* Debug */,
				A879A02A1BB954DC00C8EF80 /* Release */,
			);
			defaultConfigurationIsVisible = 0;
			defaultConfigurationName = Release;
		};
		A879A02B1BB954DC00C8EF80 /* Build configuration list for PBXNativeTarget "maodouEduTests" */ = {
			isa = XCConfigurationList;
			buildConfigurations = (
				A879A02C1BB954DC00C8EF80 /* Debug */,
				A879A02D1BB954DC00C8EF80 /* Release */,
			);
			defaultConfigurationIsVisible = 0;
			defaultConfigurationName = Release;
		};
		A879A02E1BB954DC00C8EF80 /* Build configuration list for PBXNativeTarget "maodouEduUITests" */ = {
			isa = XCConfigurationList;
			buildConfigurations = (
				A879A02F1BB954DC00C8EF80 /* Debug */,
				A879A0301BB954DC00C8EF80 /* Release */,
			);
			defaultConfigurationIsVisible = 0;
			defaultConfigurationName = Release;
		};
/* End XCConfigurationList section */
	};
	rootObject = A8799FF31BB954DC00C8EF80 /* Project object */;
}
